<?xml version="1.0" encoding="utf-8"?>
<Project ToolsVersion="4.0" xmlns="http://schemas.microsoft.com/developer/msbuild/2003">
  <ItemGroup>
    <Filter Include="Source Files">
      <UniqueIdentifier>{4FC737F1-C7A5-4376-A066-2A32D752A2FF}</UniqueIdentifier>
      <Extensions>cpp;c;cc;cxx;def;odl;idl;hpj;bat;asm;asmx</Extensions>
    </Filter>
    <Filter Include="Header Files">
      <UniqueIdentifier>{93995380-89BD-4b04-88EB-625FBE52EBFB}</UniqueIdentifier>
      <Extensions>h;hpp;hxx;hm;inl;inc;xsd</Extensions>
    </Filter>
    <Filter Include="Resource Files">
      <UniqueIdentifier>{67DA6AB6-F800-4c08-8B7A-83BB121AAD01}</UniqueIdentifier>
      <Extensions>rc;ico;cur;bmp;dlg;rc2;rct;bin;rgs;gif;jpg;jpeg;jpe;resx;tiff;tif;png;wav</Extensions>
    </Filter>
  </ItemGroup>
  <ItemGroup>
    <ClCompile Include="AssemblyInfo.cpp">
      <Filter>Source Files</Filter>
    </ClCompile>
    <ClCompile Include="sgCoreWrapper.cpp">
      <Filter>Source Files</Filter>
    </ClCompile>
    <ClCompile Include="Stdafx.cpp">
      <Filter>Source Files</Filter>
    </ClCompile>
  </ItemGroup>
  <ItemGroup>
    <ClInclude Include="Helpers\ArrayHelper.h">
      <Filter>Header Files</Filter>
    </ClInclude>
    <ClInclude Include="Helpers\DrawLineCallbackHelper.h">
      <Filter>Header Files</Filter>
    </ClInclude>
    <ClInclude Include="Interfaces\mIObjectsList.h">
      <Filter>Header Files</Filter>
    </ClInclude>
    <ClInclude Include="Objects\2D\msg2DObject.h">
      <Filter>Header Files</Filter>
    </ClInclude>
    <ClInclude Include="Objects\3D\msg3DObject.h">
      <Filter>Header Files</Filter>
    </ClInclude>
    <ClInclude Include="Structs\3D\msgAllTrianglesStruct.h">
      <Filter>Header Files</Filter>
    </ClInclude>
    <ClInclude Include="Objects\2D\msgArc.h">
      <Filter>Header Files</Filter>
    </ClInclude>
    <ClInclude Include="Structs\2D\msgArcStruct.h">
      <Filter>Header Files</Filter>
    </ClInclude>
    <ClInclude Include="Objects\Algorithms\msgBoolean.h">
      <Filter>Header Files</Filter>
    </ClInclude>
    <ClInclude Include="Objects\3D\msgBox.h">
      <Filter>Header Files</Filter>
    </ClInclude>
    <ClInclude Include="Structs\3D\msgBoxStruct.h">
      <Filter>Header Files</Filter>
    </ClInclude>
    <ClInclude Include="Objects\3D\msgBRep.h">
      <Filter>Header Files</Filter>
    </ClInclude>
    <ClInclude Include="Objects\3D\msgBRepPiece.h">
      <Filter>Header Files</Filter>
    </ClInclude>
    <ClInclude Include="Objects\2D\msgCircle.h">
      <Filter>Header Files</Filter>
    </ClInclude>
    <ClInclude Include="Structs\2D\msgCircleStruct.h">
      <Filter>Header Files</Filter>
    </ClInclude>
    <ClInclude Include="Objects\3D\msgCone.h">
      <Filter>Header Files</Filter>
    </ClInclude>
    <ClInclude Include="Structs\3D\msgConeStruct.h">
      <Filter>Header Files</Filter>
    </ClInclude>
    <ClInclude Include="Objects\2D\msgContour.h">
      <Filter>Header Files</Filter>
    </ClInclude>
    <ClInclude Include="msgCore.h">
      <Filter>Header Files</Filter>
    </ClInclude>
    <ClInclude Include="Objects\3D\msgCylinder.h">
      <Filter>Header Files</Filter>
    </ClInclude>
    <ClInclude Include="Structs\3D\msgCylinderStruct.h">
      <Filter>Header Files</Filter>
    </ClInclude>
    <ClInclude Include="Objects\Text\msgDimensions.h">
      <Filter>Header Files</Filter>
    </ClInclude>
    <ClInclude Include="Structs\Text\msgDimensionStyleStruct.h">
      <Filter>Header Files</Filter>
    </ClInclude>
    <ClInclude Include="Structs\msgDoubleStruct.h">
      <Filter>Header Files</Filter>
    </ClInclude>
    <ClInclude Include="Structs\3D\msgEdgeStruct.h">
      <Filter>Header Files</Filter>
    </ClInclude>
    <ClInclude Include="Objects\3D\msgEllipsoid.h">
      <Filter>Header Files</Filter>
    </ClInclude>
    <ClInclude Include="Structs\3D\msgEllipsoidStruct.h">
      <Filter>Header Files</Filter>
    </ClInclude>
    <ClInclude Include="Structs\msgFileHeaderStruct.h">
      <Filter>Header Files</Filter>
    </ClInclude>
    <ClInclude Include="Objects\msgFileManager.h">
      <Filter>Header Files</Filter>
    </ClInclude>
    <ClInclude Include="Objects\Text\msgFont.h">
      <Filter>Header Files</Filter>
    </ClInclude>
    <ClInclude Include="Structs\Text\msgFontDataStruct.h">
      <Filter>Header Files</Filter>
    </ClInclude>
    <ClInclude Include="Objects\Text\msgFontManager.h">
      <Filter>Header Files</Filter>
    </ClInclude>
    <ClInclude Include="Objects\msgGroup.h">
      <Filter>Header Files</Filter>
    </ClInclude>
    <ClInclude Include="Objects\Algorithms\msgKinematic.h">
      <Filter>Header Files</Filter>
    </ClInclude>
    <ClInclude Include="Objects\2D\msgLine.h">
      <Filter>Header Files</Filter>
    </ClInclude>
    <ClInclude Include="Structs\2D\msgLineStruct.h">
      <Filter>Header Files</Filter>
    </ClInclude>
    <ClInclude Include="Structs\3D\msgMaterialStruct.h">
      <Filter>Header Files</Filter>
    </ClInclude>
    <ClInclude Include="Objects\msgMatrix.h">
      <Filter>Header Files</Filter>
    </ClInclude>
    <ClInclude Include="Structs\msgMatrixRepresentationStruct.h">
      <Filter>Header Files</Filter>
    </ClInclude>
    <ClInclude Include="Objects\msgObject.h">
      <Filter>Header Files</Filter>
    </ClInclude>
    <ClInclude Include="Objects\msgPoint.h">
      <Filter>Header Files</Filter>
    </ClInclude>
    <ClInclude Include="Structs\msgPointStruct.h">
      <Filter>Header Files</Filter>
    </ClInclude>
    <ClInclude Include="Objects\msgScene.h">
      <Filter>Header Files</Filter>
    </ClInclude>
    <ClInclude Include="Objects\Algorithms\msgSpaceMath.h">
      <Filter>Header Files</Filter>
    </ClInclude>
    <ClInclude Include="Objects\3D\msgSphere.h">
      <Filter>Header Files</Filter>
    </ClInclude>
    <ClInclude Include="Structs\3D\msgSphereStruct.h">
      <Filter>Header Files</Filter>
    </ClInclude>
    <ClInclude Include="Objects\3D\msgSphericBand.h">
      <Filter>Header Files</Filter>
    </ClInclude>
    <ClInclude Include="Structs\3D\msgSphericBandStruct.h">
      <Filter>Header Files</Filter>
    </ClInclude>
    <ClInclude Include="Objects\2D\msgSpline.h">
      <Filter>Header Files</Filter>
    </ClInclude>
    <ClInclude Include="Structs\2D\msgSplineStruct.h">
      <Filter>Header Files</Filter>
    </ClInclude>
    <ClInclude Include="Objects\Algorithms\msgSurfaces.h">
      <Filter>Header Files</Filter>
    </ClInclude>
    <ClInclude Include="Objects\Text\msgText.h">
      <Filter>Header Files</Filter>
    </ClInclude>
    <ClInclude Include="Structs\Text\msgTextStyleStruct.h">
      <Filter>Header Files</Filter>
    </ClInclude>
    <ClInclude Include="Objects\3D\msgTorus.h">
      <Filter>Header Files</Filter>
    </ClInclude>
    <ClInclude Include="Structs\3D\msgTorusStruct.h">
      <Filter>Header Files</Filter>
    </ClInclude>
    <ClInclude Include="Structs\msgUserDynamicDataStruct.h">
      <Filter>Header Files</Filter>
    </ClInclude>
    <ClInclude Include="Helpers\ObjectCreateHelper.h">
      <Filter>Header Files</Filter>
    </ClInclude>
    <ClInclude Include="Stdafx.h">
      <Filter>Header Files</Filter>
    </ClInclude>
    <ClInclude Include="..\..\sgCore\sg2D.h">
      <Filter>Header Files</Filter>
    </ClInclude>
    <ClInclude Include="..\..\sgCore\sg3D.h">
      <Filter>Header Files</Filter>
    </ClInclude>
    <ClInclude Include="..\..\sgCore\sgAlgs.h">
      <Filter>Header Files</Filter>
    </ClInclude>
    <ClInclude Include="..\..\sgCore\sgCore.h">
      <Filter>Header Files</Filter>
    </ClInclude>
    <ClInclude Include="..\..\sgCore\sgDefs.h">
      <Filter>Header Files</Filter>
    </ClInclude>
    <ClInclude Include="..\..\sgCore\sgErrors.h">
      <Filter>Header Files</Filter>
    </ClInclude>
    <ClInclude Include="..\..\sgCore\sgFileManager.h">
      <Filter>Header Files</Filter>
    </ClInclude>
    <ClInclude Include="..\..\sgCore\sgGroup.h">
      <Filter>Header Files</Filter>
    </ClInclude>
    <ClInclude Include="..\..\sgCore\sgMatrix.h">
      <Filter>Header Files</Filter>
    </ClInclude>
    <ClInclude Include="..\..\sgCore\sgObject.h">
      <Filter>Header Files</Filter>
    </ClInclude>
    <ClInclude Include="..\..\sgCore\sgScene.h">
      <Filter>Header Files</Filter>
    </ClInclude>
    <ClInclude Include="..\..\sgCore\sgSpaceMath.h">
      <Filter>Header Files</Filter>
    </ClInclude>
    <ClInclude Include="..\..\sgCore\sgTD.h">
      <Filter>Header Files</Filter>
    </ClInclude>
  </ItemGroup>
  <ItemGroup>
    <Library Include="..\..\sgCore\sgCore.lib" />
  </ItemGroup>
</Project>