
Microsoft Visual Studio Solution File, Format Version 12.00
# Visual Studio Version 17
VisualStudioVersion = 17.8.34330.188
MinimumVisualStudioVersion = 10.0.40219.1
Project("{9A19103F-16F7-4668-BE54-9A1E7A4F7556}") = "JbShapeGenerator", "JbShapeGenerator.csproj", "{64368635-CF10-45A2-B0CD-209FD9CF0AC2}"
EndProject
Project("{9A19103F-16F7-4668-BE54-9A1E7A4F7556}") = "jb_api", "..\..\jb_api\jb_api\jb_api.csproj", "{267B7D3D-AED0-4152-83CA-CA5857DE30CD}"
EndProject
Global
	GlobalSection(SolutionConfigurationPlatforms) = preSolution
		Debug|Any CPU = Debug|Any CPU
		Debug|x64 = Debug|x64
		Debug|x86 = Debug|x86
		Release|Any CPU = Release|Any CPU
		Release|x64 = Release|x64
		Release|x86 = Release|x86
	EndGlobalSection
	GlobalSection(ProjectConfigurationPlatforms) = postSolution
		{64368635-CF10-45A2-B0CD-209FD9CF0AC2}.Debug|Any CPU.ActiveCfg = Debug|Any CPU
		{64368635-CF10-45A2-B0CD-209FD9CF0AC2}.Debug|Any CPU.Build.0 = Debug|Any CPU
		{64368635-CF10-45A2-B0CD-209FD9CF0AC2}.Debug|x64.ActiveCfg = Debug|Any CPU
		{64368635-CF10-45A2-B0CD-209FD9CF0AC2}.Debug|x64.Build.0 = Debug|Any CPU
		{64368635-CF10-45A2-B0CD-209FD9CF0AC2}.Debug|x86.ActiveCfg = Debug|Any CPU
		{64368635-CF10-45A2-B0CD-209FD9CF0AC2}.Debug|x86.Build.0 = Debug|Any CPU
		{64368635-CF10-45A2-B0CD-209FD9CF0AC2}.Release|Any CPU.ActiveCfg = Release|Any CPU
		{64368635-CF10-45A2-B0CD-209FD9CF0AC2}.Release|Any CPU.Build.0 = Release|Any CPU
		{64368635-CF10-45A2-B0CD-209FD9CF0AC2}.Release|x64.ActiveCfg = Release|Any CPU
		{64368635-CF10-45A2-B0CD-209FD9CF0AC2}.Release|x64.Build.0 = Release|Any CPU
		{64368635-CF10-45A2-B0CD-209FD9CF0AC2}.Release|x86.ActiveCfg = Release|Any CPU
		{64368635-CF10-45A2-B0CD-209FD9CF0AC2}.Release|x86.Build.0 = Release|Any CPU
		{267B7D3D-AED0-4152-83CA-CA5857DE30CD}.Debug|Any CPU.ActiveCfg = Debug|Any CPU
		{267B7D3D-AED0-4152-83CA-CA5857DE30CD}.Debug|Any CPU.Build.0 = Debug|Any CPU
		{267B7D3D-AED0-4152-83CA-CA5857DE30CD}.Debug|x64.ActiveCfg = Debug|x64
		{267B7D3D-AED0-4152-83CA-CA5857DE30CD}.Debug|x64.Build.0 = Debug|x64
		{267B7D3D-AED0-4152-83CA-CA5857DE30CD}.Debug|x86.ActiveCfg = Debug|x86
		{267B7D3D-AED0-4152-83CA-CA5857DE30CD}.Debug|x86.Build.0 = Debug|x86
		{267B7D3D-AED0-4152-83CA-CA5857DE30CD}.Release|Any CPU.ActiveCfg = Release|Any CPU
		{267B7D3D-AED0-4152-83CA-CA5857DE30CD}.Release|Any CPU.Build.0 = Release|Any CPU
		{267B7D3D-AED0-4152-83CA-CA5857DE30CD}.Release|x64.ActiveCfg = Release|x64
		{267B7D3D-AED0-4152-83CA-CA5857DE30CD}.Release|x64.Build.0 = Release|x64
		{267B7D3D-AED0-4152-83CA-CA5857DE30CD}.Release|x86.ActiveCfg = Release|x86
		{267B7D3D-AED0-4152-83CA-CA5857DE30CD}.Release|x86.Build.0 = Release|x86
	EndGlobalSection
	GlobalSection(SolutionProperties) = preSolution
		HideSolutionNode = FALSE
	EndGlobalSection
	GlobalSection(ExtensibilityGlobals) = postSolution
		SolutionGuid = {9374887B-5861-4187-A7A1-8DBE8F6FD1D2}
	EndGlobalSection
EndGlobal
